// !$*UTF8*$!
{
	archiveVersion = 1;
	classes = {
	};
	objectVersion = 50;
	objects = {

/* Begin PBXBuildFile section */
		34C269632D3C40C7C0E9D056 /* Pods_FranciscoLopezE4.framework in Frameworks */ = {isa = PBXBuildFile; fileRef = BE708A0D9FA9DB76E8D47EEE /* Pods_FranciscoLopezE4.framework */; };
		A70399B020EAB82B00EFE0C0 /* AppDelegate.swift in Sources */ = {isa = PBXBuildFile; fileRef = A70399AF20EAB82B00EFE0C0 /* AppDelegate.swift */; };
		A70399B220EAB82B00EFE0C0 /* ViewController.swift in Sources */ = {isa = PBXBuildFile; fileRef = A70399B120EAB82B00EFE0C0 /* ViewController.swift */; };
		A70399B520EAB82B00EFE0C0 /* Main.storyboard in Resources */ = {isa = PBXBuildFile; fileRef = A70399B320EAB82B00EFE0C0 /* Main.storyboard */; };
		A70399B720EAB82C00EFE0C0 /* Assets.xcassets in Resources */ = {isa = PBXBuildFile; fileRef = A70399B620EAB82C00EFE0C0 /* Assets.xcassets */; };
		A70399BA20EAB82C00EFE0C0 /* LaunchScreen.storyboard in Resources */ = {isa = PBXBuildFile; fileRef = A70399B820EAB82C00EFE0C0 /* LaunchScreen.storyboard */; };
		A70399C220EABADB00EFE0C0 /* GoogleService-Info.plist in Resources */ = {isa = PBXBuildFile; fileRef = A70399C120EABADB00EFE0C0 /* GoogleService-Info.plist */; };
		A70399CA20EC150F00EFE0C0 /* TableContactViewController.swift in Sources */ = {isa = PBXBuildFile; fileRef = A70399C920EC150F00EFE0C0 /* TableContactViewController.swift */; };
		A73360E920ED5BC40066BF34 /* Contact.swift in Sources */ = {isa = PBXBuildFile; fileRef = A73360E820ED5BC40066BF34 /* Contact.swift */; };
		A73360EB20ED64B70066BF34 /* ContactTableViewCell.swift in Sources */ = {isa = PBXBuildFile; fileRef = A73360EA20ED64B70066BF34 /* ContactTableViewCell.swift */; };
		A73360EE20ED67700066BF34 /* AddContactViewController.swift in Sources */ = {isa = PBXBuildFile; fileRef = A73360ED20ED67700066BF34 /* AddContactViewController.swift */; };
		A73360F020ED6F660066BF34 /* ContactDetailViewController.swift in Sources */ = {isa = PBXBuildFile; fileRef = A73360EF20ED6F660066BF34 /* ContactDetailViewController.swift */; };
		A73360F320EDBB100066BF34 /* RootContact.swift in Sources */ = {isa = PBXBuildFile; fileRef = A73360F220EDBB100066BF34 /* RootContact.swift */; };
		A7CE889820F6A49C00248FEA /* ContactDAO.swift in Sources */ = {isa = PBXBuildFile; fileRef = A7CE889720F6A49C00248FEA /* ContactDAO.swift */; };
		A7CE889A20F6A4A700248FEA /* ContactService.swift in Sources */ = {isa = PBXBuildFile; fileRef = A7CE889920F6A4A700248FEA /* ContactService.swift */; };
/* End PBXBuildFile section */

/* Begin PBXFileReference section */
		1375C03FA0486ADD0EEE11D6 /* Pods-FranciscoLopezE4.release.xcconfig */ = {isa = PBXFileReference; includeInIndex = 1; lastKnownFileType = text.xcconfig; name = "Pods-FranciscoLopezE4.release.xcconfig"; path = "Pods/Target Support Files/Pods-FranciscoLopezE4/Pods-FranciscoLopezE4.release.xcconfig"; sourceTree = "<group>"; };
		5259ADBB135D1B8922CA3FF5 /* Pods-FranciscoLopezE4.debug.xcconfig */ = {isa = PBXFileReference; includeInIndex = 1; lastKnownFileType = text.xcconfig; name = "Pods-FranciscoLopezE4.debug.xcconfig"; path = "Pods/Target Support Files/Pods-FranciscoLopezE4/Pods-FranciscoLopezE4.debug.xcconfig"; sourceTree = "<group>"; };
		A70399AC20EAB82B00EFE0C0 /* FranciscoLopezE4.app */ = {isa = PBXFileReference; explicitFileType = wrapper.application; includeInIndex = 0; path = FranciscoLopezE4.app; sourceTree = BUILT_PRODUCTS_DIR; };
		A70399AF20EAB82B00EFE0C0 /* AppDelegate.swift */ = {isa = PBXFileReference; lastKnownFileType = sourcecode.swift; path = AppDelegate.swift; sourceTree = "<group>"; };
		A70399B120EAB82B00EFE0C0 /* ViewController.swift */ = {isa = PBXFileReference; lastKnownFileType = sourcecode.swift; path = ViewController.swift; sourceTree = "<group>"; };
		A70399B420EAB82B00EFE0C0 /* Base */ = {isa = PBXFileReference; lastKnownFileType = file.storyboard; name = Base; path = Base.lproj/Main.storyboard; sourceTree = "<group>"; };
		A70399B620EAB82C00EFE0C0 /* Assets.xcassets */ = {isa = PBXFileReference; lastKnownFileType = folder.assetcatalog; path = Assets.xcassets; sourceTree = "<group>"; };
		A70399B920EAB82C00EFE0C0 /* Base */ = {isa = PBXFileReference; lastKnownFileType = file.storyboard; name = Base; path = Base.lproj/LaunchScreen.storyboard; sourceTree = "<group>"; };
		A70399BB20EAB82C00EFE0C0 /* Info.plist */ = {isa = PBXFileReference; lastKnownFileType = text.plist.xml; path = Info.plist; sourceTree = "<group>"; };
		A70399C120EABADB00EFE0C0 /* GoogleService-Info.plist */ = {isa = PBXFileReference; fileEncoding = 4; lastKnownFileType = text.plist.xml; path = "GoogleService-Info.plist"; sourceTree = "<group>"; };
		A70399C920EC150F00EFE0C0 /* TableContactViewController.swift */ = {isa = PBXFileReference; lastKnownFileType = sourcecode.swift; path = TableContactViewController.swift; sourceTree = "<group>"; };
		A73360E820ED5BC40066BF34 /* Contact.swift */ = {isa = PBXFileReference; lastKnownFileType = sourcecode.swift; path = Contact.swift; sourceTree = "<group>"; };
		A73360EA20ED64B70066BF34 /* ContactTableViewCell.swift */ = {isa = PBXFileReference; lastKnownFileType = sourcecode.swift; path = ContactTableViewCell.swift; sourceTree = "<group>"; };
		A73360ED20ED67700066BF34 /* AddContactViewController.swift */ = {isa = PBXFileReference; lastKnownFileType = sourcecode.swift; path = AddContactViewController.swift; sourceTree = "<group>"; };
		A73360EF20ED6F660066BF34 /* ContactDetailViewController.swift */ = {isa = PBXFileReference; lastKnownFileType = sourcecode.swift; path = ContactDetailViewController.swift; sourceTree = "<group>"; };
		A73360F220EDBB100066BF34 /* RootContact.swift */ = {isa = PBXFileReference; lastKnownFileType = sourcecode.swift; path = RootContact.swift; sourceTree = "<group>"; };
		A7CE889720F6A49C00248FEA /* ContactDAO.swift */ = {isa = PBXFileReference; lastKnownFileType = sourcecode.swift; path = ContactDAO.swift; sourceTree = "<group>"; };
		A7CE889920F6A4A700248FEA /* ContactService.swift */ = {isa = PBXFileReference; lastKnownFileType = sourcecode.swift; path = ContactService.swift; sourceTree = "<group>"; };
		BE708A0D9FA9DB76E8D47EEE /* Pods_FranciscoLopezE4.framework */ = {isa = PBXFileReference; explicitFileType = wrapper.framework; includeInIndex = 0; path = Pods_FranciscoLopezE4.framework; sourceTree = BUILT_PRODUCTS_DIR; };
/* End PBXFileReference section */

/* Begin PBXFrameworksBuildPhase section */
		A70399A920EAB82B00EFE0C0 /* Frameworks */ = {
			isa = PBXFrameworksBuildPhase;
			buildActionMask = 2147483647;
			files = (
				34C269632D3C40C7C0E9D056 /* Pods_FranciscoLopezE4.framework in Frameworks */,
			);
			runOnlyForDeploymentPostprocessing = 0;
		};
/* End PBXFrameworksBuildPhase section */

/* Begin PBXGroup section */
		81313D71DECB7AEAF14DF3EB /* Pods */ = {
			isa = PBXGroup;
			children = (
				5259ADBB135D1B8922CA3FF5 /* Pods-FranciscoLopezE4.debug.xcconfig */,
				1375C03FA0486ADD0EEE11D6 /* Pods-FranciscoLopezE4.release.xcconfig */,
			);
			name = Pods;
			sourceTree = "<group>";
		};
		A70399A320EAB82B00EFE0C0 = {
			isa = PBXGroup;
			children = (
				A70399AE20EAB82B00EFE0C0 /* FranciscoLopezE4 */,
				A70399AD20EAB82B00EFE0C0 /* Products */,
				81313D71DECB7AEAF14DF3EB /* Pods */,
				AD568C9F4DB21D49A69FB482 /* Frameworks */,
			);
			sourceTree = "<group>";
		};
		A70399AD20EAB82B00EFE0C0 /* Products */ = {
			isa = PBXGroup;
			children = (
				A70399AC20EAB82B00EFE0C0 /* FranciscoLopezE4.app */,
			);
			name = Products;
			sourceTree = "<group>";
		};
		A70399AE20EAB82B00EFE0C0 /* FranciscoLopezE4 */ = {
			isa = PBXGroup;
			children = (
				A70399C820EABDA200EFE0C0 /* main */,
				A70399C720EABD9A00EFE0C0 /* dao */,
				A70399C620EABD9200EFE0C0 /* service */,
				A70399C520EABD8900EFE0C0 /* viewController */,
				A73360E720ED5BA30066BF34 /* model */,
				A70399C420EABD7800EFE0C0 /* view */,
				A70399C320EABD6C00EFE0C0 /* resources */,
			);
			path = FranciscoLopezE4;
			sourceTree = "<group>";
		};
		A70399C320EABD6C00EFE0C0 /* resources */ = {
			isa = PBXGroup;
			children = (
				A70399B320EAB82B00EFE0C0 /* Main.storyboard */,
				A70399B620EAB82C00EFE0C0 /* Assets.xcassets */,
				A70399B820EAB82C00EFE0C0 /* LaunchScreen.storyboard */,
			);
			path = resources;
			sourceTree = "<group>";
		};
		A70399C420EABD7800EFE0C0 /* view */ = {
			isa = PBXGroup;
			children = (
				A73360EA20ED64B70066BF34 /* ContactTableViewCell.swift */,
			);
			path = view;
			sourceTree = "<group>";
		};
		A70399C520EABD8900EFE0C0 /* viewController */ = {
			isa = PBXGroup;
			children = (
				A70399B120EAB82B00EFE0C0 /* ViewController.swift */,
				A70399C920EC150F00EFE0C0 /* TableContactViewController.swift */,
				A73360EF20ED6F660066BF34 /* ContactDetailViewController.swift */,
				A73360ED20ED67700066BF34 /* AddContactViewController.swift */,
			);
			path = viewController;
			sourceTree = "<group>";
		};
		A70399C620EABD9200EFE0C0 /* service */ = {
			isa = PBXGroup;
			children = (
				A7CE889920F6A4A700248FEA /* ContactService.swift */,
			);
			path = service;
			sourceTree = "<group>";
		};
		A70399C720EABD9A00EFE0C0 /* dao */ = {
			isa = PBXGroup;
			children = (
				A7CE889720F6A49C00248FEA /* ContactDAO.swift */,
			);
			path = dao;
			sourceTree = "<group>";
		};
		A70399C820EABDA200EFE0C0 /* main */ = {
			isa = PBXGroup;
			children = (
				A70399AF20EAB82B00EFE0C0 /* AppDelegate.swift */,
				A70399BB20EAB82C00EFE0C0 /* Info.plist */,
				A70399C120EABADB00EFE0C0 /* GoogleService-Info.plist */,
			);
			path = main;
			sourceTree = "<group>";
		};
		A73360E720ED5BA30066BF34 /* model */ = {
			isa = PBXGroup;
			children = (
				A73360F220EDBB100066BF34 /* RootContact.swift */,
				A73360E820ED5BC40066BF34 /* Contact.swift */,
			);
			path = model;
			sourceTree = "<group>";
		};
		AD568C9F4DB21D49A69FB482 /* Frameworks */ = {
			isa = PBXGroup;
			children = (
				BE708A0D9FA9DB76E8D47EEE /* Pods_FranciscoLopezE4.framework */,
			);
			name = Frameworks;
			sourceTree = "<group>";
		};
/* End PBXGroup section */

/* Begin PBXNativeTarget section */
		A70399AB20EAB82B00EFE0C0 /* FranciscoLopezE4 */ = {
			isa = PBXNativeTarget;
			buildConfigurationList = A70399BE20EAB82C00EFE0C0 /* Build configuration list for PBXNativeTarget "FranciscoLopezE4" */;
			buildPhases = (
				91A0BA39D41AD3E9E993BCD8 /* [CP] Check Pods Manifest.lock */,
				A70399A820EAB82B00EFE0C0 /* Sources */,
				A70399A920EAB82B00EFE0C0 /* Frameworks */,
				A70399AA20EAB82B00EFE0C0 /* Resources */,
				C1FDBCB9009F91C4A9E1BCC7 /* [CP] Embed Pods Frameworks */,
				8E4742A794DD8BB31A11FC28 /* [CP] Copy Pods Resources */,
			);
			buildRules = (
			);
			dependencies = (
			);
			name = FranciscoLopezE4;
			productName = FranciscoLopezE4;
			productReference = A70399AC20EAB82B00EFE0C0 /* FranciscoLopezE4.app */;
			productType = "com.apple.product-type.application";
		};
/* End PBXNativeTarget section */

/* Begin PBXProject section */
		A70399A420EAB82B00EFE0C0 /* Project object */ = {
			isa = PBXProject;
			attributes = {
				LastSwiftUpdateCheck = 0940;
				LastUpgradeCheck = 0940;
				ORGANIZATIONNAME = "Francisco Lopez";
				TargetAttributes = {
					A70399AB20EAB82B00EFE0C0 = {
						CreatedOnToolsVersion = 9.4;
					};
				};
			};
			buildConfigurationList = A70399A720EAB82B00EFE0C0 /* Build configuration list for PBXProject "FranciscoLopezE4" */;
			compatibilityVersion = "Xcode 9.3";
			developmentRegion = en;
			hasScannedForEncodings = 0;
			knownRegions = (
				en,
				Base,
			);
			mainGroup = A70399A320EAB82B00EFE0C0;
			productRefGroup = A70399AD20EAB82B00EFE0C0 /* Products */;
			projectDirPath = "";
			projectRoot = "";
			targets = (
				A70399AB20EAB82B00EFE0C0 /* FranciscoLopezE4 */,
			);
		};
/* End PBXProject section */

/* Begin PBXResourcesBuildPhase section */
		A70399AA20EAB82B00EFE0C0 /* Resources */ = {
			isa = PBXResourcesBuildPhase;
			buildActionMask = 2147483647;
			files = (
				A70399BA20EAB82C00EFE0C0 /* LaunchScreen.storyboard in Resources */,
				A70399C220EABADB00EFE0C0 /* GoogleService-Info.plist in Resources */,
				A70399B720EAB82C00EFE0C0 /* Assets.xcassets in Resources */,
				A70399B520EAB82B00EFE0C0 /* Main.storyboard in Resources */,
			);
			runOnlyForDeploymentPostprocessing = 0;
		};
/* End PBXResourcesBuildPhase section */

/* Begin PBXShellScriptBuildPhase section */
		8E4742A794DD8BB31A11FC28 /* [CP] Copy Pods Resources */ = {
			isa = PBXShellScriptBuildPhase;
			buildActionMask = 2147483647;
			files = (
			);
			inputPaths = (
				"${SRCROOT}/Pods/Target Support Files/Pods-FranciscoLopezE4/Pods-FranciscoLopezE4-resources.sh",
				"${PODS_CONFIGURATION_BUILD_DIR}/FirebaseUI/FirebaseAuthUI.bundle",
				"${PODS_CONFIGURATION_BUILD_DIR}/FirebaseUI/FirebaseFacebookAuthUI.bundle",
				"${PODS_CONFIGURATION_BUILD_DIR}/FirebaseUI/FirebaseGoogleAuthUI.bundle",
				"${PODS_CONFIGURATION_BUILD_DIR}/FirebaseUI/FirebasePhoneAuthUI.bundle",
				"${PODS_CONFIGURATION_BUILD_DIR}/FirebaseUI/FirebaseTwitterAuthUI.bundle",
				"${PODS_ROOT}/GoogleSignIn/Resources/GoogleSignIn.bundle",
				"${PODS_ROOT}/TwitterKit/iOS/TwitterKit.framework/TwitterKitResources.bundle",
				"${PODS_ROOT}/TwitterKit/iOS/TwitterKit.framework/TwitterShareExtensionUIResources.bundle",
			);
			name = "[CP] Copy Pods Resources";
			outputPaths = (
				"${TARGET_BUILD_DIR}/${UNLOCALIZED_RESOURCES_FOLDER_PATH}/FirebaseAuthUI.bundle",
				"${TARGET_BUILD_DIR}/${UNLOCALIZED_RESOURCES_FOLDER_PATH}/FirebaseFacebookAuthUI.bundle",
				"${TARGET_BUILD_DIR}/${UNLOCALIZED_RESOURCES_FOLDER_PATH}/FirebaseGoogleAuthUI.bundle",
				"${TARGET_BUILD_DIR}/${UNLOCALIZED_RESOURCES_FOLDER_PATH}/FirebasePhoneAuthUI.bundle",
				"${TARGET_BUILD_DIR}/${UNLOCALIZED_RESOURCES_FOLDER_PATH}/FirebaseTwitterAuthUI.bundle",
				"${TARGET_BUILD_DIR}/${UNLOCALIZED_RESOURCES_FOLDER_PATH}/GoogleSignIn.bundle",
				"${TARGET_BUILD_DIR}/${UNLOCALIZED_RESOURCES_FOLDER_PATH}/TwitterKitResources.bundle",
				"${TARGET_BUILD_DIR}/${UNLOCALIZED_RESOURCES_FOLDER_PATH}/TwitterShareExtensionUIResources.bundle",
			);
			runOnlyForDeploymentPostprocessing = 0;
			shellPath = /bin/sh;
			shellScript = "\"${SRCROOT}/Pods/Target Support Files/Pods-FranciscoLopezE4/Pods-FranciscoLopezE4-resources.sh\"\n";
			showEnvVarsInLog = 0;
		};
		91A0BA39D41AD3E9E993BCD8 /* [CP] Check Pods Manifest.lock */ = {
			isa = PBXShellScriptBuildPhase;
			buildActionMask = 2147483647;
			files = (
			);
			inputPaths = (
				"${PODS_PODFILE_DIR_PATH}/Podfile.lock",
				"${PODS_ROOT}/Manifest.lock",
			);
			name = "[CP] Check Pods Manifest.lock";
			outputPaths = (
				"$(DERIVED_FILE_DIR)/Pods-FranciscoLopezE4-checkManifestLockResult.txt",
			);
			runOnlyForDeploymentPostprocessing = 0;
			shellPath = /bin/sh;
			shellScript = "diff \"${PODS_PODFILE_DIR_PATH}/Podfile.lock\" \"${PODS_ROOT}/Manifest.lock\" > /dev/null\nif [ $? != 0 ] ; then\n    # print error to STDERR\n    echo \"error: The sandbox is not in sync with the Podfile.lock. Run 'pod install' or update your CocoaPods installation.\" >&2\n    exit 1\nfi\n# This output is used by Xcode 'outputs' to avoid re-running this script phase.\necho \"SUCCESS\" > \"${SCRIPT_OUTPUT_FILE_0}\"\n";
			showEnvVarsInLog = 0;
		};
		C1FDBCB9009F91C4A9E1BCC7 /* [CP] Embed Pods Frameworks */ = {
			isa = PBXShellScriptBuildPhase;
			buildActionMask = 2147483647;
			files = (
			);
			inputPaths = (
				"${SRCROOT}/Pods/Target Support Files/Pods-FranciscoLopezE4/Pods-FranciscoLopezE4-frameworks.sh",
				"${BUILT_PRODUCTS_DIR}/Alamofire/Alamofire.framework",
				"${BUILT_PRODUCTS_DIR}/Bolts/Bolts.framework",
				"${BUILT_PRODUCTS_DIR}/BoringSSL/openssl.framework",
				"${BUILT_PRODUCTS_DIR}/FBSDKCoreKit/FBSDKCoreKit.framework",
				"${BUILT_PRODUCTS_DIR}/FBSDKLoginKit/FBSDKLoginKit.framework",
				"${BUILT_PRODUCTS_DIR}/GTMOAuth2/GTMOAuth2.framework",
				"${BUILT_PRODUCTS_DIR}/GTMSessionFetcher/GTMSessionFetcher.framework",
				"${BUILT_PRODUCTS_DIR}/GoogleToolboxForMac/GoogleToolboxForMac.framework",
				"${BUILT_PRODUCTS_DIR}/Kingfisher/Kingfisher.framework",
				"${BUILT_PRODUCTS_DIR}/Protobuf/Protobuf.framework",
				"${BUILT_PRODUCTS_DIR}/SDWebImage/SDWebImage.framework",
				"${PODS_ROOT}/TwitterCore/iOS/TwitterCore.framework",
				"${PODS_ROOT}/TwitterKit/iOS/TwitterKit.framework",
				"${BUILT_PRODUCTS_DIR}/gRPC/GRPCClient.framework",
				"${BUILT_PRODUCTS_DIR}/gRPC-Core/grpc.framework",
				"${BUILT_PRODUCTS_DIR}/gRPC-ProtoRPC/ProtoRPC.framework",
				"${BUILT_PRODUCTS_DIR}/gRPC-RxLibrary/RxLibrary.framework",
				"${BUILT_PRODUCTS_DIR}/leveldb-library/leveldb.framework",
				"${BUILT_PRODUCTS_DIR}/nanopb/nanopb.framework",
			);
			name = "[CP] Embed Pods Frameworks";
			outputPaths = (
				"${TARGET_BUILD_DIR}/${FRAMEWORKS_FOLDER_PATH}/Alamofire.framework",
				"${TARGET_BUILD_DIR}/${FRAMEWORKS_FOLDER_PATH}/Bolts.framework",
				"${TARGET_BUILD_DIR}/${FRAMEWORKS_FOLDER_PATH}/openssl.framework",
				"${TARGET_BUILD_DIR}/${FRAMEWORKS_FOLDER_PATH}/FBSDKCoreKit.framework",
				"${TARGET_BUILD_DIR}/${FRAMEWORKS_FOLDER_PATH}/FBSDKLoginKit.framework",
				"${TARGET_BUILD_DIR}/${FRAMEWORKS_FOLDER_PATH}/GTMOAuth2.framework",
				"${TARGET_BUILD_DIR}/${FRAMEWORKS_FOLDER_PATH}/GTMSessionFetcher.framework",
				"${TARGET_BUILD_DIR}/${FRAMEWORKS_FOLDER_PATH}/GoogleToolboxForMac.framework",
				"${TARGET_BUILD_DIR}/${FRAMEWORKS_FOLDER_PATH}/Kingfisher.framework",
				"${TARGET_BUILD_DIR}/${FRAMEWORKS_FOLDER_PATH}/Protobuf.framework",
				"${TARGET_BUILD_DIR}/${FRAMEWORKS_FOLDER_PATH}/SDWebImage.framework",
				"${TARGET_BUILD_DIR}/${FRAMEWORKS_FOLDER_PATH}/TwitterCore.framework",
				"${TARGET_BUILD_DIR}/${FRAMEWORKS_FOLDER_PATH}/TwitterKit.framework",
				"${TARGET_BUILD_DIR}/${FRAMEWORKS_FOLDER_PATH}/GRPCClient.framework",
				"${TARGET_BUILD_DIR}/${FRAMEWORKS_FOLDER_PATH}/grpc.framework",
				"${TARGET_BUILD_DIR}/${FRAMEWORKS_FOLDER_PATH}/ProtoRPC.framework",
				"${TARGET_BUILD_DIR}/${FRAMEWORKS_FOLDER_PATH}/RxLibrary.framework",
				"${TARGET_BUILD_DIR}/${FRAMEWORKS_FOLDER_PATH}/leveldb.framework",
				"${TARGET_BUILD_DIR}/${FRAMEWORKS_FOLDER_PATH}/nanopb.framework",
			);
			runOnlyForDeploymentPostprocessing = 0;
			shellPath = /bin/sh;
			shellScript = "\"${SRCROOT}/Pods/Target Support Files/Pods-FranciscoLopezE4/Pods-FranciscoLopezE4-frameworks.sh\"\n";
			showEnvVarsInLog = 0;
		};
/* End PBXShellScriptBuildPhase section */

/* Begin PBXSourcesBuildPhase section */
		A70399A820EAB82B00EFE0C0 /* Sources */ = {
			isa = PBXSourcesBuildPhase;
			buildActionMask = 2147483647;
			files = (
				A70399B220EAB82B00EFE0C0 /* ViewController.swift in Sources */,
				A73360EB20ED64B70066BF34 /* ContactTableViewCell.swift in Sources */,
				A7CE889820F6A49C00248FEA /* ContactDAO.swift in Sources */,
				A73360E920ED5BC40066BF34 /* Contact.swift in Sources */,
				A73360F020ED6F660066BF34 /* ContactDetailViewController.swift in Sources */,
				A73360F320EDBB100066BF34 /* RootContact.swift in Sources */,
				A73360EE20ED67700066BF34 /* AddContactViewController.swift in Sources */,
				A70399CA20EC150F00EFE0C0 /* TableContactViewController.swift in Sources */,
				A7CE889A20F6A4A700248FEA /* ContactService.swift in Sources */,
				A70399B020EAB82B00EFE0C0 /* AppDelegate.swift in Sources */,
			);
			runOnlyForDeploymentPostprocessing = 0;
		};
/* End PBXSourcesBuildPhase section */

/* Begin PBXVariantGroup section */
		A70399B320EAB82B00EFE0C0 /* Main.storyboard */ = {
			isa = PBXVariantGroup;
			children = (
				A70399B420EAB82B00EFE0C0 /* Base */,
			);
			name = Main.storyboard;
			sourceTree = "<group>";
		};
		A70399B820EAB82C00EFE0C0 /* LaunchScreen.storyboard */ = {
			isa = PBXVariantGroup;
			children = (
				A70399B920EAB82C00EFE0C0 /* Base */,
			);
			name = LaunchScreen.storyboard;
			sourceTree = "<group>";
		};
/* End PBXVariantGroup section */

/* Begin XCBuildConfiguration section */
		A70399BC20EAB82C00EFE0C0 /* Debug */ = {
			isa = XCBuildConfiguration;
			buildSettings = {
				ALWAYS_SEARCH_USER_PATHS = NO;
				CLANG_ANALYZER_NONNULL = YES;
				CLANG_ANALYZER_NUMBER_OBJECT_CONVERSION = YES_AGGRESSIVE;
				CLANG_CXX_LANGUAGE_STANDARD = "gnu++14";
				CLANG_CXX_LIBRARY = "libc++";
				CLANG_ENABLE_MODULES = YES;
				CLANG_ENABLE_OBJC_ARC = YES;
				CLANG_ENABLE_OBJC_WEAK = YES;
				CLANG_WARN_BLOCK_CAPTURE_AUTORELEASING = YES;
				CLANG_WARN_BOOL_CONVERSION = YES;
				CLANG_WARN_COMMA = YES;
				CLANG_WARN_CONSTANT_CONVERSION = YES;
				CLANG_WARN_DEPRECATED_OBJC_IMPLEMENTATIONS = YES;
				CLANG_WARN_DIRECT_OBJC_ISA_USAGE = YES_ERROR;
				CLANG_WARN_DOCUMENTATION_COMMENTS = YES;
				CLANG_WARN_EMPTY_BODY = YES;
				CLANG_WARN_ENUM_CONVERSION = YES;
				CLANG_WARN_INFINITE_RECURSION = YES;
				CLANG_WARN_INT_CONVERSION = YES;
				CLANG_WARN_NON_LITERAL_NULL_CONVERSION = YES;
				CLANG_WARN_OBJC_IMPLICIT_RETAIN_SELF = YES;
				CLANG_WARN_OBJC_LITERAL_CONVERSION = YES;
				CLANG_WARN_OBJC_ROOT_CLASS = YES_ERROR;
				CLANG_WARN_RANGE_LOOP_ANALYSIS = YES;
				CLANG_WARN_STRICT_PROTOTYPES = YES;
				CLANG_WARN_SUSPICIOUS_MOVE = YES;
				CLANG_WARN_UNGUARDED_AVAILABILITY = YES_AGGRESSIVE;
				CLANG_WARN_UNREACHABLE_CODE = YES;
				CLANG_WARN__DUPLICATE_METHOD_MATCH = YES;
				CODE_SIGN_IDENTITY = "iPhone Developer";
				COPY_PHASE_STRIP = NO;
				DEBUG_INFORMATION_FORMAT = dwarf;
				ENABLE_STRICT_OBJC_MSGSEND = YES;
				ENABLE_TESTABILITY = YES;
				GCC_C_LANGUAGE_STANDARD = gnu11;
				GCC_DYNAMIC_NO_PIC = NO;
				GCC_NO_COMMON_BLOCKS = YES;
				GCC_OPTIMIZATION_LEVEL = 0;
				GCC_PREPROCESSOR_DEFINITIONS = (
					"DEBUG=1",
					"$(inherited)",
				);
				GCC_WARN_64_TO_32_BIT_CONVERSION = YES;
				GCC_WARN_ABOUT_RETURN_TYPE = YES_ERROR;
				GCC_WARN_UNDECLARED_SELECTOR = YES;
				GCC_WARN_UNINITIALIZED_AUTOS = YES_AGGRESSIVE;
				GCC_WARN_UNUSED_FUNCTION = YES;
				GCC_WARN_UNUSED_VARIABLE = YES;
				IPHONEOS_DEPLOYMENT_TARGET = 11.4;
				MTL_ENABLE_DEBUG_INFO = YES;
				ONLY_ACTIVE_ARCH = YES;
				SDKROOT = iphoneos;
				SWIFT_ACTIVE_COMPILATION_CONDITIONS = DEBUG;
				SWIFT_OPTIMIZATION_LEVEL = "-Onone";
			};
			name = Debug;
		};
		A70399BD20EAB82C00EFE0C0 /* Release */ = {
			isa = XCBuildConfiguration;
			buildSettings = {
				ALWAYS_SEARCH_USER_PATHS = NO;
				CLANG_ANALYZER_NONNULL = YES;
				CLANG_ANALYZER_NUMBER_OBJECT_CONVERSION = YES_AGGRESSIVE;
				CLANG_CXX_LANGUAGE_STANDARD = "gnu++14";
				CLANG_CXX_LIBRARY = "libc++";
				CLANG_ENABLE_MODULES = YES;
				CLANG_ENABLE_OBJC_ARC = YES;
				CLANG_ENABLE_OBJC_WEAK = YES;
				CLANG_WARN_BLOCK_CAPTURE_AUTORELEASING = YES;
				CLANG_WARN_BOOL_CONVERSION = YES;
				CLANG_WARN_COMMA = YES;
				CLANG_WARN_CONSTANT_CONVERSION = YES;
				CLANG_WARN_DEPRECATED_OBJC_IMPLEMENTATIONS = YES;
				CLANG_WARN_DIRECT_OBJC_ISA_USAGE = YES_ERROR;
				CLANG_WARN_DOCUMENTATION_COMMENTS = YES;
				CLANG_WARN_EMPTY_BODY = YES;
				CLANG_WARN_ENUM_CONVERSION = YES;
				CLANG_WARN_INFINITE_RECURSION = YES;
				CLANG_WARN_INT_CONVERSION = YES;
				CLANG_WARN_NON_LITERAL_NULL_CONVERSION = YES;
				CLANG_WARN_OBJC_IMPLICIT_RETAIN_SELF = YES;
				CLANG_WARN_OBJC_LITERAL_CONVERSION = YES;
				CLANG_WARN_OBJC_ROOT_CLASS = YES_ERROR;
				CLANG_WARN_RANGE_LOOP_ANALYSIS = YES;
				CLANG_WARN_STRICT_PROTOTYPES = YES;
				CLANG_WARN_SUSPICIOUS_MOVE = YES;
				CLANG_WARN_UNGUARDED_AVAILABILITY = YES_AGGRESSIVE;
				CLANG_WARN_UNREACHABLE_CODE = YES;
				CLANG_WARN__DUPLICATE_METHOD_MATCH = YES;
				CODE_SIGN_IDENTITY = "iPhone Developer";
				COPY_PHASE_STRIP = NO;
				DEBUG_INFORMATION_FORMAT = "dwarf-with-dsym";
				ENABLE_NS_ASSERTIONS = NO;
				ENABLE_STRICT_OBJC_MSGSEND = YES;
				GCC_C_LANGUAGE_STANDARD = gnu11;
				GCC_NO_COMMON_BLOCKS = YES;
				GCC_WARN_64_TO_32_BIT_CONVERSION = YES;
				GCC_WARN_ABOUT_RETURN_TYPE = YES_ERROR;
				GCC_WARN_UNDECLARED_SELECTOR = YES;
				GCC_WARN_UNINITIALIZED_AUTOS = YES_AGGRESSIVE;
				GCC_WARN_UNUSED_FUNCTION = YES;
				GCC_WARN_UNUSED_VARIABLE = YES;
				IPHONEOS_DEPLOYMENT_TARGET = 11.4;
				MTL_ENABLE_DEBUG_INFO = NO;
				SDKROOT = iphoneos;
				SWIFT_COMPILATION_MODE = wholemodule;
				SWIFT_OPTIMIZATION_LEVEL = "-O";
				VALIDATE_PRODUCT = YES;
			};
			name = Release;
		};
		A70399BF20EAB82C00EFE0C0 /* Debug */ = {
			isa = XCBuildConfiguration;
			baseConfigurationReference = 5259ADBB135D1B8922CA3FF5 /* Pods-FranciscoLopezE4.debug.xcconfig */;
			buildSettings = {
				ASSETCATALOG_COMPILER_APPICON_NAME = AppIcon;
				CODE_SIGN_STYLE = Automatic;
				DEVELOPMENT_TEAM = AL3WL84F45;
				INFOPLIST_FILE = "$(SRCROOT)/FranciscoLopezE4/main/Info.plist";
				IPHONEOS_DEPLOYMENT_TARGET = 10.3;
				LD_RUNPATH_SEARCH_PATHS = (
					"$(inherited)",
					"@executable_path/Frameworks",
				);
				PRODUCT_BUNDLE_IDENTIFIER = com.franciscolopez.FranciscoLopezE4;
				PRODUCT_NAME = "$(TARGET_NAME)";
				SWIFT_VERSION = 4.0;
				TARGETED_DEVICE_FAMILY = "1,2";
			};
			name = Debug;
		};
		A70399C020EAB82C00EFE0C0 /* Release */ = {
			isa = XCBuildConfiguration;
			baseConfigurationReference = 1375C03FA0486ADD0EEE11D6 /* Pods-FranciscoLopezE4.release.xcconfig */;
			buildSettings = {
				ASSETCATALOG_COMPILER_APPICON_NAME = AppIcon;
				CODE_SIGN_STYLE = Automatic;
				DEVELOPMENT_TEAM = AL3WL84F45;
				INFOPLIST_FILE = "$(SRCROOT)/FranciscoLopezE4/main/Info.plist";
				IPHONEOS_DEPLOYMENT_TARGET = 10.3;
				LD_RUNPATH_SEARCH_PATHS = (
					"$(inherited)",
					"@executable_path/Frameworks",
				);
				PRODUCT_BUNDLE_IDENTIFIER = com.franciscolopez.FranciscoLopezE4;
				PRODUCT_NAME = "$(TARGET_NAME)";
				SWIFT_VERSION = 4.0;
				TARGETED_DEVICE_FAMILY = "1,2";
			};
			name = Release;
		};
/* End XCBuildConfiguration section */

/* Begin XCConfigurationList section */
		A70399A720EAB82B00EFE0C0 /* Build configuration list for PBXProject "FranciscoLopezE4" */ = {
			isa = XCConfigurationList;
			buildConfigurations = (
				A70399BC20EAB82C00EFE0C0 /* Debug */,
				A70399BD20EAB82C00EFE0C0 /* Release */,
			);
			defaultConfigurationIsVisible = 0;
			defaultConfigurationName = Release;
		};
		A70399BE20EAB82C00EFE0C0 /* Build configuration list for PBXNativeTarget "FranciscoLopezE4" */ = {
			isa = XCConfigurationList;
			buildConfigurations = (
				A70399BF20EAB82C00EFE0C0 /* Debug */,
				A70399C020EAB82C00EFE0C0 /* Release */,
			);
			defaultConfigurationIsVisible = 0;
			defaultConfigurationName = Release;
		};
/* End XCConfigurationList section */
	};
	rootObject = A70399A420EAB82B00EFE0C0 /* Project object */;
}
